
Microsoft Visual Studio Solution File, Format Version 12.00
# Visual Studio 15
VisualStudioVersion = 15.0.27130.2027
MinimumVisualStudioVersion = 10.0.40219.1
Project("{FAE04EC0-301F-11D3-BF4B-00C04F79EFBC}") = "WebApi", "WebApi\WebApi.csproj", "{47F7B2E9-423F-4749-BF15-1384B955B5B6}"
EndProject
Global
	GlobalSection(SolutionConfigurationPlatforms) = preSolution
		Debug|Any CPU = Debug|Any CPU
		Release|Any CPU = Release|Any CPU
	EndGlobalSection
	GlobalSection(ProjectConfigurationPlatforms) = postSolution
		{47F7B2E9-423F-4749-BF15-1384B955B5B6}.Debug|Any CPU.ActiveCfg = Debug|Any CPU
		{47F7B2E9-423F-4749-BF15-1384B955B5B6}.Debug|Any CPU.Build.0 = Debug|Any CPU
		{47F7B2E9-423F-4749-BF15-1384B955B5B6}.Release|Any CPU.ActiveCfg = Release|Any CPU
		{47F7B2E9-423F-4749-BF15-1384B955B5B6}.Release|Any CPU.Build.0 = Release|Any CPU
	EndGlobalSection
	GlobalSection(SolutionProperties) = preSolution
		HideSolutionNode = FALSE
	EndGlobalSection
	GlobalSection(ExtensibilityGlobals) = postSolution
		SolutionGuid = {D4B1C71B-252E-477A-B3E9-2CD9FE88A52A}
	EndGlobalSection
EndGlobal
